// !$*UTF8*$!
{
	archiveVersion = 1;
	classes = {
	};
	objectVersion = 56;
	objects = {

/* Begin PBXBuildFile section */
		040C0A5B2B41456300FB1290 /* Rubik-Bold.ttf in Resources */ = {isa = PBXBuildFile; fileRef = 040C0A5A2B41456300FB1290 /* Rubik-Bold.ttf */; };
		040C0A5D2B41456900FB1290 /* Rubik-VariableFont_wght.ttf in Resources */ = {isa = PBXBuildFile; fileRef = 040C0A5C2B41456900FB1290 /* Rubik-VariableFont_wght.ttf */; };
		040C0A612B4146D000FB1290 /* Board.swift in Sources */ = {isa = PBXBuildFile; fileRef = 040C0A602B4146D000FB1290 /* Board.swift */; };
		0486BB022B3A29210029A393 /* Assets.xcassets in Resources */ = {isa = PBXBuildFile; fileRef = 0486BB012B3A29210029A393 /* Assets.xcassets */; };
		0486BB082B3A29210029A393 /* wordgames MessagesExtension.appex in Embed Foundation Extensions */ = {isa = PBXBuildFile; fileRef = 0486BB072B3A29210029A393 /* wordgames MessagesExtension.appex */; settings = {ATTRIBUTES = (RemoveHeadersOnCopy, ); }; };
		0486BB0D2B3A29210029A393 /* Messages.framework in Frameworks */ = {isa = PBXBuildFile; fileRef = 0486BB0C2B3A29210029A393 /* Messages.framework */; };
		0486BB102B3A29210029A393 /* MessagesViewController.swift in Sources */ = {isa = PBXBuildFile; fileRef = 0486BB0F2B3A29210029A393 /* MessagesViewController.swift */; };
		0486BB152B3A29220029A393 /* Assets.xcassets in Resources */ = {isa = PBXBuildFile; fileRef = 0486BB142B3A29220029A393 /* Assets.xcassets */; };
		04D81E372B4147A7006FBE34 /* WordText.swift in Sources */ = {isa = PBXBuildFile; fileRef = 04D81E362B4147A7006FBE34 /* WordText.swift */; };
		04D81E392B414B13006FBE34 /* words_alpha.txt in Resources */ = {isa = PBXBuildFile; fileRef = 04D81E382B414B13006FBE34 /* words_alpha.txt */; };
		04D81E3B2B415222006FBE34 /* SendBoard.swift in Sources */ = {isa = PBXBuildFile; fileRef = 04D81E3A2B415222006FBE34 /* SendBoard.swift */; };
		04D81E412B4155A4006FBE34 /* MainInterface.storyboard in Resources */ = {isa = PBXBuildFile; fileRef = 04D81E3F2B4155A4006FBE34 /* MainInterface.storyboard */; };
		04D81E442B415C8A006FBE34 /* WordGames+String.swift in Sources */ = {isa = PBXBuildFile; fileRef = 04D81E432B415C8A006FBE34 /* WordGames+String.swift */; };
		5230D7AA71246EC0BE8B44F5 /* Pods_wordgames.framework in Frameworks */ = {isa = PBXBuildFile; fileRef = FFF8FD9F9DA46EFCCCF73DD9 /* Pods_wordgames.framework */; };
		CDD9DE8000BCEB3CAFAD019F /* Pods_wordgames_MessagesExtension.framework in Frameworks */ = {isa = PBXBuildFile; fileRef = C9E2C006A17B2422F7A8D5E3 /* Pods_wordgames_MessagesExtension.framework */; };
/* End PBXBuildFile section */

/* Begin PBXContainerItemProxy section */
		0486BB092B3A29210029A393 /* PBXContainerItemProxy */ = {
			isa = PBXContainerItemProxy;
			containerPortal = 0486BAF82B3A29200029A393 /* Project object */;
			proxyType = 1;
			remoteGlobalIDString = 0486BB062B3A29210029A393;
			remoteInfo = "wordgames MessagesExtension";
		};
/* End PBXContainerItemProxy section */

/* Begin PBXCopyFilesBuildPhase section */
		0486BB1C2B3A29220029A393 /* Embed Foundation Extensions */ = {
			isa = PBXCopyFilesBuildPhase;
			buildActionMask = 2147483647;
			dstPath = "";
			dstSubfolderSpec = 13;
			files = (
				0486BB082B3A29210029A393 /* wordgames MessagesExtension.appex in Embed Foundation Extensions */,
			);
			name = "Embed Foundation Extensions";
			runOnlyForDeploymentPostprocessing = 0;
		};
/* End PBXCopyFilesBuildPhase section */

/* Begin PBXFileReference section */
		040C0A5A2B41456300FB1290 /* Rubik-Bold.ttf */ = {isa = PBXFileReference; lastKnownFileType = file; path = "Rubik-Bold.ttf"; sourceTree = "<group>"; };
		040C0A5C2B41456900FB1290 /* Rubik-VariableFont_wght.ttf */ = {isa = PBXFileReference; lastKnownFileType = file; path = "Rubik-VariableFont_wght.ttf"; sourceTree = "<group>"; };
		040C0A5E2B41457F00FB1290 /* Info.plist */ = {isa = PBXFileReference; lastKnownFileType = text.plist.xml; path = Info.plist; sourceTree = "<group>"; };
		040C0A602B4146D000FB1290 /* Board.swift */ = {isa = PBXFileReference; lastKnownFileType = sourcecode.swift; path = Board.swift; sourceTree = "<group>"; };
		0486BAFE2B3A29200029A393 /* wordgames.app */ = {isa = PBXFileReference; explicitFileType = wrapper.application; includeInIndex = 0; path = wordgames.app; sourceTree = BUILT_PRODUCTS_DIR; };
		0486BB012B3A29210029A393 /* Assets.xcassets */ = {isa = PBXFileReference; lastKnownFileType = folder.assetcatalog; path = Assets.xcassets; sourceTree = "<group>"; };
		0486BB072B3A29210029A393 /* wordgames MessagesExtension.appex */ = {isa = PBXFileReference; explicitFileType = "wrapper.app-extension"; includeInIndex = 0; path = "wordgames MessagesExtension.appex"; sourceTree = BUILT_PRODUCTS_DIR; };
		0486BB0C2B3A29210029A393 /* Messages.framework */ = {isa = PBXFileReference; lastKnownFileType = wrapper.framework; name = Messages.framework; path = System/Library/Frameworks/Messages.framework; sourceTree = SDKROOT; };
		0486BB0F2B3A29210029A393 /* MessagesViewController.swift */ = {isa = PBXFileReference; lastKnownFileType = sourcecode.swift; path = MessagesViewController.swift; sourceTree = "<group>"; };
		0486BB142B3A29220029A393 /* Assets.xcassets */ = {isa = PBXFileReference; lastKnownFileType = folder.assetcatalog; path = Assets.xcassets; sourceTree = "<group>"; };
		0486BB162B3A29220029A393 /* Info.plist */ = {isa = PBXFileReference; lastKnownFileType = text.plist.xml; path = Info.plist; sourceTree = "<group>"; };
		04D81E362B4147A7006FBE34 /* WordText.swift */ = {isa = PBXFileReference; lastKnownFileType = sourcecode.swift; path = WordText.swift; sourceTree = "<group>"; };
		04D81E382B414B13006FBE34 /* words_alpha.txt */ = {isa = PBXFileReference; fileEncoding = 4; lastKnownFileType = text; path = words_alpha.txt; sourceTree = "<group>"; };
		04D81E3A2B415222006FBE34 /* SendBoard.swift */ = {isa = PBXFileReference; lastKnownFileType = sourcecode.swift; path = SendBoard.swift; sourceTree = "<group>"; };
		04D81E402B4155A4006FBE34 /* Base */ = {isa = PBXFileReference; lastKnownFileType = file.storyboard; name = Base; path = Base.lproj/MainInterface.storyboard; sourceTree = "<group>"; };
		04D81E432B415C8A006FBE34 /* WordGames+String.swift */ = {isa = PBXFileReference; lastKnownFileType = sourcecode.swift; path = "WordGames+String.swift"; sourceTree = "<group>"; };
		69DBDA8C9AB076D299B443D2 /* Pods-wordgames MessagesExtension.debug.xcconfig */ = {isa = PBXFileReference; includeInIndex = 1; lastKnownFileType = text.xcconfig; name = "Pods-wordgames MessagesExtension.debug.xcconfig"; path = "Target Support Files/Pods-wordgames MessagesExtension/Pods-wordgames MessagesExtension.debug.xcconfig"; sourceTree = "<group>"; };
		79377E999E281AC761304F17 /* Pods-wordgames.debug.xcconfig */ = {isa = PBXFileReference; includeInIndex = 1; lastKnownFileType = text.xcconfig; name = "Pods-wordgames.debug.xcconfig"; path = "Target Support Files/Pods-wordgames/Pods-wordgames.debug.xcconfig"; sourceTree = "<group>"; };
		8E2F8DBB73A80A0F172058F5 /* Pods-wordgames MessagesExtension.release.xcconfig */ = {isa = PBXFileReference; includeInIndex = 1; lastKnownFileType = text.xcconfig; name = "Pods-wordgames MessagesExtension.release.xcconfig"; path = "Target Support Files/Pods-wordgames MessagesExtension/Pods-wordgames MessagesExtension.release.xcconfig"; sourceTree = "<group>"; };
		C3D837699A3C1E8471DA27E7 /* Pods-wordgames.release.xcconfig */ = {isa = PBXFileReference; includeInIndex = 1; lastKnownFileType = text.xcconfig; name = "Pods-wordgames.release.xcconfig"; path = "Target Support Files/Pods-wordgames/Pods-wordgames.release.xcconfig"; sourceTree = "<group>"; };
		C9E2C006A17B2422F7A8D5E3 /* Pods_wordgames_MessagesExtension.framework */ = {isa = PBXFileReference; explicitFileType = wrapper.framework; includeInIndex = 0; path = Pods_wordgames_MessagesExtension.framework; sourceTree = BUILT_PRODUCTS_DIR; };
		FFF8FD9F9DA46EFCCCF73DD9 /* Pods_wordgames.framework */ = {isa = PBXFileReference; explicitFileType = wrapper.framework; includeInIndex = 0; path = Pods_wordgames.framework; sourceTree = BUILT_PRODUCTS_DIR; };
/* End PBXFileReference section */

/* Begin PBXFrameworksBuildPhase section */
		0486BB042B3A29210029A393 /* Frameworks */ = {
			isa = PBXFrameworksBuildPhase;
			buildActionMask = 2147483647;
			files = (
				0486BB0D2B3A29210029A393 /* Messages.framework in Frameworks */,
				CDD9DE8000BCEB3CAFAD019F /* Pods_wordgames_MessagesExtension.framework in Frameworks */,
			);
			runOnlyForDeploymentPostprocessing = 0;
		};
		1C70A87588BD9ED3A1F1564B /* Frameworks */ = {
			isa = PBXFrameworksBuildPhase;
			buildActionMask = 2147483647;
			files = (
				5230D7AA71246EC0BE8B44F5 /* Pods_wordgames.framework in Frameworks */,
			);
			runOnlyForDeploymentPostprocessing = 0;
		};
/* End PBXFrameworksBuildPhase section */

/* Begin PBXGroup section */
		040C0A592B41455900FB1290 /* Fonts */ = {
			isa = PBXGroup;
			children = (
				040C0A5A2B41456300FB1290 /* Rubik-Bold.ttf */,
				040C0A5C2B41456900FB1290 /* Rubik-VariableFont_wght.ttf */,
			);
			path = Fonts;
			sourceTree = "<group>";
		};
		040C0A5F2B41467500FB1290 /* Controllers */ = {
			isa = PBXGroup;
			children = (
				0486BB0F2B3A29210029A393 /* MessagesViewController.swift */,
				040C0A602B4146D000FB1290 /* Board.swift */,
				04D81E3A2B415222006FBE34 /* SendBoard.swift */,
			);
			path = Controllers;
			sourceTree = "<group>";
		};
		0486BAF72B3A29200029A393 = {
			isa = PBXGroup;
			children = (
				0486BB002B3A29200029A393 /* wordgames */,
				0486BB0E2B3A29210029A393 /* wordgames MessagesExtension */,
				0486BB0B2B3A29210029A393 /* Frameworks */,
				0486BAFF2B3A29200029A393 /* Products */,
				14801A7A6252A924EBAB9A4C /* Pods */,
			);
			sourceTree = "<group>";
		};
		0486BAFF2B3A29200029A393 /* Products */ = {
			isa = PBXGroup;
			children = (
				0486BAFE2B3A29200029A393 /* wordgames.app */,
				0486BB072B3A29210029A393 /* wordgames MessagesExtension.appex */,
			);
			name = Products;
			sourceTree = "<group>";
		};
		0486BB002B3A29200029A393 /* wordgames */ = {
			isa = PBXGroup;
			children = (
				040C0A5E2B41457F00FB1290 /* Info.plist */,
				040C0A592B41455900FB1290 /* Fonts */,
				0486BB012B3A29210029A393 /* Assets.xcassets */,
			);
			path = wordgames;
			sourceTree = "<group>";
		};
		0486BB0B2B3A29210029A393 /* Frameworks */ = {
			isa = PBXGroup;
			children = (
				0486BB0C2B3A29210029A393 /* Messages.framework */,
				FFF8FD9F9DA46EFCCCF73DD9 /* Pods_wordgames.framework */,
				C9E2C006A17B2422F7A8D5E3 /* Pods_wordgames_MessagesExtension.framework */,
			);
			name = Frameworks;
			sourceTree = "<group>";
		};
		0486BB0E2B3A29210029A393 /* wordgames MessagesExtension */ = {
			isa = PBXGroup;
			children = (
				04D81E422B415C7A006FBE34 /* Extensions */,
				040C0A5F2B41467500FB1290 /* Controllers */,
				04D81E352B414789006FBE34 /* Views */,
				0486BB142B3A29220029A393 /* Assets.xcassets */,
				0486BB162B3A29220029A393 /* Info.plist */,
				04D81E3F2B4155A4006FBE34 /* MainInterface.storyboard */,
				04D81E382B414B13006FBE34 /* words_alpha.txt */,
			);
			path = "wordgames MessagesExtension";
			sourceTree = "<group>";
		};
		04D81E352B414789006FBE34 /* Views */ = {
			isa = PBXGroup;
			children = (
				04D81E362B4147A7006FBE34 /* WordText.swift */,
			);
			path = Views;
			sourceTree = "<group>";
		};
		04D81E422B415C7A006FBE34 /* Extensions */ = {
			isa = PBXGroup;
			children = (
				04D81E432B415C8A006FBE34 /* WordGames+String.swift */,
			);
			path = Extensions;
			sourceTree = "<group>";
		};
		14801A7A6252A924EBAB9A4C /* Pods */ = {
			isa = PBXGroup;
			children = (
				79377E999E281AC761304F17 /* Pods-wordgames.debug.xcconfig */,
				C3D837699A3C1E8471DA27E7 /* Pods-wordgames.release.xcconfig */,
				69DBDA8C9AB076D299B443D2 /* Pods-wordgames MessagesExtension.debug.xcconfig */,
				8E2F8DBB73A80A0F172058F5 /* Pods-wordgames MessagesExtension.release.xcconfig */,
			);
			path = Pods;
			sourceTree = "<group>";
		};
/* End PBXGroup section */

/* Begin PBXNativeTarget section */
		0486BAFD2B3A29200029A393 /* wordgames */ = {
			isa = PBXNativeTarget;
			buildConfigurationList = 0486BB1D2B3A29220029A393 /* Build configuration list for PBXNativeTarget "wordgames" */;
			buildPhases = (
				3CAB387D726438E61484C922 /* [CP] Check Pods Manifest.lock */,
				0486BAFC2B3A29200029A393 /* Resources */,
				0486BB1C2B3A29220029A393 /* Embed Foundation Extensions */,
				1C70A87588BD9ED3A1F1564B /* Frameworks */,
				8F055D9C5D5D9CDA2DAC562D /* [CP] Embed Pods Frameworks */,
			);
			buildRules = (
			);
			dependencies = (
				0486BB0A2B3A29210029A393 /* PBXTargetDependency */,
			);
			name = wordgames;
			productName = wordgames;
			productReference = 0486BAFE2B3A29200029A393 /* wordgames.app */;
			productType = "com.apple.product-type.application.messages";
		};
		0486BB062B3A29210029A393 /* wordgames MessagesExtension */ = {
			isa = PBXNativeTarget;
			buildConfigurationList = 0486BB192B3A29220029A393 /* Build configuration list for PBXNativeTarget "wordgames MessagesExtension" */;
			buildPhases = (
				861CC4DFE8D81FDAE8A1190E /* [CP] Check Pods Manifest.lock */,
				0486BB032B3A29210029A393 /* Sources */,
				0486BB042B3A29210029A393 /* Frameworks */,
				0486BB052B3A29210029A393 /* Resources */,
			);
			buildRules = (
			);
			dependencies = (
			);
			name = "wordgames MessagesExtension";
			productName = "wordgames MessagesExtension";
			productReference = 0486BB072B3A29210029A393 /* wordgames MessagesExtension.appex */;
			productType = "com.apple.product-type.app-extension.messages";
		};
/* End PBXNativeTarget section */

/* Begin PBXProject section */
		0486BAF82B3A29200029A393 /* Project object */ = {
			isa = PBXProject;
			attributes = {
				BuildIndependentTargetsInParallel = 1;
				LastSwiftUpdateCheck = 1500;
				LastUpgradeCheck = 1500;
				TargetAttributes = {
					0486BAFD2B3A29200029A393 = {
						CreatedOnToolsVersion = 15.0;
					};
					0486BB062B3A29210029A393 = {
						CreatedOnToolsVersion = 15.0;
					};
				};
			};
			buildConfigurationList = 0486BAFB2B3A29200029A393 /* Build configuration list for PBXProject "wordgames" */;
			compatibilityVersion = "Xcode 14.0";
			developmentRegion = en;
			hasScannedForEncodings = 0;
			knownRegions = (
				en,
				Base,
			);
			mainGroup = 0486BAF72B3A29200029A393;
			productRefGroup = 0486BAFF2B3A29200029A393 /* Products */;
			projectDirPath = "";
			projectRoot = "";
			targets = (
				0486BAFD2B3A29200029A393 /* wordgames */,
				0486BB062B3A29210029A393 /* wordgames MessagesExtension */,
			);
		};
/* End PBXProject section */

/* Begin PBXResourcesBuildPhase section */
		0486BAFC2B3A29200029A393 /* Resources */ = {
			isa = PBXResourcesBuildPhase;
			buildActionMask = 2147483647;
			files = (
				0486BB022B3A29210029A393 /* Assets.xcassets in Resources */,
			);
			runOnlyForDeploymentPostprocessing = 0;
		};
		0486BB052B3A29210029A393 /* Resources */ = {
			isa = PBXResourcesBuildPhase;
			buildActionMask = 2147483647;
			files = (
				04D81E392B414B13006FBE34 /* words_alpha.txt in Resources */,
				04D81E412B4155A4006FBE34 /* MainInterface.storyboard in Resources */,
				0486BB152B3A29220029A393 /* Assets.xcassets in Resources */,
				040C0A5B2B41456300FB1290 /* Rubik-Bold.ttf in Resources */,
				040C0A5D2B41456900FB1290 /* Rubik-VariableFont_wght.ttf in Resources */,
			);
			runOnlyForDeploymentPostprocessing = 0;
		};
/* End PBXResourcesBuildPhase section */

/* Begin PBXShellScriptBuildPhase section */
		3CAB387D726438E61484C922 /* [CP] Check Pods Manifest.lock */ = {
			isa = PBXShellScriptBuildPhase;
			buildActionMask = 2147483647;
			files = (
			);
			inputFileListPaths = (
			);
			inputPaths = (
				"${PODS_PODFILE_DIR_PATH}/Podfile.lock",
				"${PODS_ROOT}/Manifest.lock",
			);
			name = "[CP] Check Pods Manifest.lock";
			outputFileListPaths = (
			);
			outputPaths = (
				"$(DERIVED_FILE_DIR)/Pods-wordgames-checkManifestLockResult.txt",
			);
			runOnlyForDeploymentPostprocessing = 0;
			shellPath = /bin/sh;
			shellScript = "diff \"${PODS_PODFILE_DIR_PATH}/Podfile.lock\" \"${PODS_ROOT}/Manifest.lock\" > /dev/null\nif [ $? != 0 ] ; then\n    # print error to STDERR\n    echo \"error: The sandbox is not in sync with the Podfile.lock. Run 'pod install' or update your CocoaPods installation.\" >&2\n    exit 1\nfi\n# This output is used by Xcode 'outputs' to avoid re-running this script phase.\necho \"SUCCESS\" > \"${SCRIPT_OUTPUT_FILE_0}\"\n";
			showEnvVarsInLog = 0;
		};
		861CC4DFE8D81FDAE8A1190E /* [CP] Check Pods Manifest.lock */ = {
			isa = PBXShellScriptBuildPhase;
			buildActionMask = 2147483647;
			files = (
			);
			inputFileListPaths = (
			);
			inputPaths = (
				"${PODS_PODFILE_DIR_PATH}/Podfile.lock",
				"${PODS_ROOT}/Manifest.lock",
			);
			name = "[CP] Check Pods Manifest.lock";
			outputFileListPaths = (
			);
			outputPaths = (
				"$(DERIVED_FILE_DIR)/Pods-wordgames MessagesExtension-checkManifestLockResult.txt",
			);
			runOnlyForDeploymentPostprocessing = 0;
			shellPath = /bin/sh;
			shellScript = "diff \"${PODS_PODFILE_DIR_PATH}/Podfile.lock\" \"${PODS_ROOT}/Manifest.lock\" > /dev/null\nif [ $? != 0 ] ; then\n    # print error to STDERR\n    echo \"error: The sandbox is not in sync with the Podfile.lock. Run 'pod install' or update your CocoaPods installation.\" >&2\n    exit 1\nfi\n# This output is used by Xcode 'outputs' to avoid re-running this script phase.\necho \"SUCCESS\" > \"${SCRIPT_OUTPUT_FILE_0}\"\n";
			showEnvVarsInLog = 0;
		};
		8F055D9C5D5D9CDA2DAC562D /* [CP] Embed Pods Frameworks */ = {
			isa = PBXShellScriptBuildPhase;
			buildActionMask = 2147483647;
			files = (
			);
			inputFileListPaths = (
				"${PODS_ROOT}/Target Support Files/Pods-wordgames/Pods-wordgames-frameworks-${CONFIGURATION}-input-files.xcfilelist",
			);
			name = "[CP] Embed Pods Frameworks";
			outputFileListPaths = (
				"${PODS_ROOT}/Target Support Files/Pods-wordgames/Pods-wordgames-frameworks-${CONFIGURATION}-output-files.xcfilelist",
			);
			runOnlyForDeploymentPostprocessing = 0;
			shellPath = /bin/sh;
			shellScript = "\"${PODS_ROOT}/Target Support Files/Pods-wordgames/Pods-wordgames-frameworks.sh\"\n";
			showEnvVarsInLog = 0;
		};
/* End PBXShellScriptBuildPhase section */

/* Begin PBXSourcesBuildPhase section */
		0486BB032B3A29210029A393 /* Sources */ = {
			isa = PBXSourcesBuildPhase;
			buildActionMask = 2147483647;
			files = (
				04D81E3B2B415222006FBE34 /* SendBoard.swift in Sources */,
				04D81E442B415C8A006FBE34 /* WordGames+String.swift in Sources */,
				040C0A612B4146D000FB1290 /* Board.swift in Sources */,
				04D81E372B4147A7006FBE34 /* WordText.swift in Sources */,
				0486BB102B3A29210029A393 /* MessagesViewController.swift in Sources */,
			);
			runOnlyForDeploymentPostprocessing = 0;
		};
/* End PBXSourcesBuildPhase section */

/* Begin PBXTargetDependency section */
		0486BB0A2B3A29210029A393 /* PBXTargetDependency */ = {
			isa = PBXTargetDependency;
			target = 0486BB062B3A29210029A393 /* wordgames MessagesExtension */;
			targetProxy = 0486BB092B3A29210029A393 /* PBXContainerItemProxy */;
		};
/* End PBXTargetDependency section */

/* Begin PBXVariantGroup section */
		04D81E3F2B4155A4006FBE34 /* MainInterface.storyboard */ = {
			isa = PBXVariantGroup;
			children = (
				04D81E402B4155A4006FBE34 /* Base */,
			);
			name = MainInterface.storyboard;
			sourceTree = "<group>";
		};
/* End PBXVariantGroup section */

/* Begin XCBuildConfiguration section */
		0486BB172B3A29220029A393 /* Debug */ = {
			isa = XCBuildConfiguration;
			buildSettings = {
				ALWAYS_SEARCH_USER_PATHS = NO;
				ASSETCATALOG_COMPILER_GENERATE_SWIFT_ASSET_SYMBOL_EXTENSIONS = YES;
				CLANG_ANALYZER_NONNULL = YES;
				CLANG_ANALYZER_NUMBER_OBJECT_CONVERSION = YES_AGGRESSIVE;
				CLANG_CXX_LANGUAGE_STANDARD = "gnu++20";
				CLANG_ENABLE_MODULES = YES;
				CLANG_ENABLE_OBJC_ARC = YES;
				CLANG_ENABLE_OBJC_WEAK = YES;
				CLANG_WARN_BLOCK_CAPTURE_AUTORELEASING = YES;
				CLANG_WARN_BOOL_CONVERSION = YES;
				CLANG_WARN_COMMA = YES;
				CLANG_WARN_CONSTANT_CONVERSION = YES;
				CLANG_WARN_DEPRECATED_OBJC_IMPLEMENTATIONS = YES;
				CLANG_WARN_DIRECT_OBJC_ISA_USAGE = YES_ERROR;
				CLANG_WARN_DOCUMENTATION_COMMENTS = YES;
				CLANG_WARN_EMPTY_BODY = YES;
				CLANG_WARN_ENUM_CONVERSION = YES;
				CLANG_WARN_INFINITE_RECURSION = YES;
				CLANG_WARN_INT_CONVERSION = YES;
				CLANG_WARN_NON_LITERAL_NULL_CONVERSION = YES;
				CLANG_WARN_OBJC_IMPLICIT_RETAIN_SELF = YES;
				CLANG_WARN_OBJC_LITERAL_CONVERSION = YES;
				CLANG_WARN_OBJC_ROOT_CLASS = YES_ERROR;
				CLANG_WARN_QUOTED_INCLUDE_IN_FRAMEWORK_HEADER = YES;
				CLANG_WARN_RANGE_LOOP_ANALYSIS = YES;
				CLANG_WARN_STRICT_PROTOTYPES = YES;
				CLANG_WARN_SUSPICIOUS_MOVE = YES;
				CLANG_WARN_UNGUARDED_AVAILABILITY = YES_AGGRESSIVE;
				CLANG_WARN_UNREACHABLE_CODE = YES;
				CLANG_WARN__DUPLICATE_METHOD_MATCH = YES;
				COPY_PHASE_STRIP = NO;
				DEBUG_INFORMATION_FORMAT = dwarf;
				ENABLE_STRICT_OBJC_MSGSEND = YES;
				ENABLE_TESTABILITY = YES;
				ENABLE_USER_SCRIPT_SANDBOXING = NO;
				GCC_C_LANGUAGE_STANDARD = gnu17;
				GCC_DYNAMIC_NO_PIC = NO;
				GCC_NO_COMMON_BLOCKS = YES;
				GCC_OPTIMIZATION_LEVEL = 0;
				GCC_PREPROCESSOR_DEFINITIONS = (
					"DEBUG=1",
					"$(inherited)",
				);
				GCC_WARN_64_TO_32_BIT_CONVERSION = YES;
				GCC_WARN_ABOUT_RETURN_TYPE = YES_ERROR;
				GCC_WARN_UNDECLARED_SELECTOR = YES;
				GCC_WARN_UNINITIALIZED_AUTOS = YES_AGGRESSIVE;
				GCC_WARN_UNUSED_FUNCTION = YES;
				GCC_WARN_UNUSED_VARIABLE = YES;
				IPHONEOS_DEPLOYMENT_TARGET = 17.0;
				LOCALIZATION_PREFERS_STRING_CATALOGS = YES;
				MTL_ENABLE_DEBUG_INFO = INCLUDE_SOURCE;
				MTL_FAST_MATH = YES;
				ONLY_ACTIVE_ARCH = YES;
				SDKROOT = iphoneos;
				SWIFT_ACTIVE_COMPILATION_CONDITIONS = "DEBUG $(inherited)";
				SWIFT_OPTIMIZATION_LEVEL = "-Onone";
			};
			name = Debug;
		};
		0486BB182B3A29220029A393 /* Release */ = {
			isa = XCBuildConfiguration;
			buildSettings = {
				ALWAYS_SEARCH_USER_PATHS = NO;
				ASSETCATALOG_COMPILER_GENERATE_SWIFT_ASSET_SYMBOL_EXTENSIONS = YES;
				CLANG_ANALYZER_NONNULL = YES;
				CLANG_ANALYZER_NUMBER_OBJECT_CONVERSION = YES_AGGRESSIVE;
				CLANG_CXX_LANGUAGE_STANDARD = "gnu++20";
				CLANG_ENABLE_MODULES = YES;
				CLANG_ENABLE_OBJC_ARC = YES;
				CLANG_ENABLE_OBJC_WEAK = YES;
				CLANG_WARN_BLOCK_CAPTURE_AUTORELEASING = YES;
				CLANG_WARN_BOOL_CONVERSION = YES;
				CLANG_WARN_COMMA = YES;
				CLANG_WARN_CONSTANT_CONVERSION = YES;
				CLANG_WARN_DEPRECATED_OBJC_IMPLEMENTATIONS = YES;
				CLANG_WARN_DIRECT_OBJC_ISA_USAGE = YES_ERROR;
				CLANG_WARN_DOCUMENTATION_COMMENTS = YES;
				CLANG_WARN_EMPTY_BODY = YES;
				CLANG_WARN_ENUM_CONVERSION = YES;
				CLANG_WARN_INFINITE_RECURSION = YES;
				CLANG_WARN_INT_CONVERSION = YES;
				CLANG_WARN_NON_LITERAL_NULL_CONVERSION = YES;
				CLANG_WARN_OBJC_IMPLICIT_RETAIN_SELF = YES;
				CLANG_WARN_OBJC_LITERAL_CONVERSION = YES;
				CLANG_WARN_OBJC_ROOT_CLASS = YES_ERROR;
				CLANG_WARN_QUOTED_INCLUDE_IN_FRAMEWORK_HEADER = YES;
				CLANG_WARN_RANGE_LOOP_ANALYSIS = YES;
				CLANG_WARN_STRICT_PROTOTYPES = YES;
				CLANG_WARN_SUSPICIOUS_MOVE = YES;
				CLANG_WARN_UNGUARDED_AVAILABILITY = YES_AGGRESSIVE;
				CLANG_WARN_UNREACHABLE_CODE = YES;
				CLANG_WARN__DUPLICATE_METHOD_MATCH = YES;
				COPY_PHASE_STRIP = NO;
				DEBUG_INFORMATION_FORMAT = "dwarf-with-dsym";
				ENABLE_NS_ASSERTIONS = NO;
				ENABLE_STRICT_OBJC_MSGSEND = YES;
				ENABLE_USER_SCRIPT_SANDBOXING = NO;
				GCC_C_LANGUAGE_STANDARD = gnu17;
				GCC_NO_COMMON_BLOCKS = YES;
				GCC_WARN_64_TO_32_BIT_CONVERSION = YES;
				GCC_WARN_ABOUT_RETURN_TYPE = YES_ERROR;
				GCC_WARN_UNDECLARED_SELECTOR = YES;
				GCC_WARN_UNINITIALIZED_AUTOS = YES_AGGRESSIVE;
				GCC_WARN_UNUSED_FUNCTION = YES;
				GCC_WARN_UNUSED_VARIABLE = YES;
				IPHONEOS_DEPLOYMENT_TARGET = 17.0;
				LOCALIZATION_PREFERS_STRING_CATALOGS = YES;
				MTL_ENABLE_DEBUG_INFO = NO;
				MTL_FAST_MATH = YES;
				SDKROOT = iphoneos;
				SWIFT_COMPILATION_MODE = wholemodule;
				VALIDATE_PRODUCT = YES;
			};
			name = Release;
		};
		0486BB1A2B3A29220029A393 /* Debug */ = {
			isa = XCBuildConfiguration;
			baseConfigurationReference = 69DBDA8C9AB076D299B443D2 /* Pods-wordgames MessagesExtension.debug.xcconfig */;
			buildSettings = {
				ASSETCATALOG_COMPILER_APPICON_NAME = "iMessage App Icon";
				CODE_SIGN_STYLE = Automatic;
				CURRENT_PROJECT_VERSION = 1;
				DEVELOPMENT_TEAM = 98JYHMUJJY;
				GENERATE_INFOPLIST_FILE = YES;
				INFOPLIST_FILE = "wordgames MessagesExtension/Info.plist";
				INFOPLIST_KEY_CFBundleDisplayName = wordgames;
				INFOPLIST_KEY_NSHumanReadableCopyright = "";
				LD_RUNPATH_SEARCH_PATHS = (
					"$(inherited)",
					"@executable_path/Frameworks",
					"@executable_path/../../Frameworks",
				);
				MARKETING_VERSION = 1.0;
				PRODUCT_BUNDLE_IDENTIFIER = com.pjo.wordgames.MessagesExtension;
				PRODUCT_NAME = "$(TARGET_NAME)";
				SKIP_INSTALL = YES;
				SWIFT_EMIT_LOC_STRINGS = YES;
				SWIFT_VERSION = 5.0;
				TARGETED_DEVICE_FAMILY = "1,2";
			};
			name = Debug;
		};
		0486BB1B2B3A29220029A393 /* Release */ = {
			isa = XCBuildConfiguration;
			baseConfigurationReference = 8E2F8DBB73A80A0F172058F5 /* Pods-wordgames MessagesExtension.release.xcconfig */;
			buildSettings = {
				ASSETCATALOG_COMPILER_APPICON_NAME = "iMessage App Icon";
				CODE_SIGN_STYLE = Automatic;
				CURRENT_PROJECT_VERSION = 1;
				DEVELOPMENT_TEAM = 98JYHMUJJY;
				GENERATE_INFOPLIST_FILE = YES;
				INFOPLIST_FILE = "wordgames MessagesExtension/Info.plist";
				INFOPLIST_KEY_CFBundleDisplayName = wordgames;
				INFOPLIST_KEY_NSHumanReadableCopyright = "";
				LD_RUNPATH_SEARCH_PATHS = (
					"$(inherited)",
					"@executable_path/Frameworks",
					"@executable_path/../../Frameworks",
				);
				MARKETING_VERSION = 1.0;
				PRODUCT_BUNDLE_IDENTIFIER = com.pjo.wordgames.MessagesExtension;
				PRODUCT_NAME = "$(TARGET_NAME)";
				SKIP_INSTALL = YES;
				SWIFT_EMIT_LOC_STRINGS = YES;
				SWIFT_VERSION = 5.0;
				TARGETED_DEVICE_FAMILY = "1,2";
			};
			name = Release;
		};
		0486BB1E2B3A29220029A393 /* Debug */ = {
			isa = XCBuildConfiguration;
			baseConfigurationReference = 79377E999E281AC761304F17 /* Pods-wordgames.debug.xcconfig */;
			buildSettings = {
				ALWAYS_EMBED_SWIFT_STANDARD_LIBRARIES = YES;
				ASSETCATALOG_COMPILER_APPICON_NAME = AppIcon;
				CODE_SIGN_STYLE = Automatic;
				CURRENT_PROJECT_VERSION = 1;
				DEVELOPMENT_TEAM = 98JYHMUJJY;
				GENERATE_INFOPLIST_FILE = YES;
				INFOPLIST_FILE = wordgames/Info.plist;
				INFOPLIST_KEY_UILaunchStoryboardName = LaunchScreen;
				INFOPLIST_KEY_UISupportedInterfaceOrientations_iPad = "UIInterfaceOrientationPortrait UIInterfaceOrientationPortraitUpsideDown UIInterfaceOrientationLandscapeLeft UIInterfaceOrientationLandscapeRight";
				INFOPLIST_KEY_UISupportedInterfaceOrientations_iPhone = "UIInterfaceOrientationPortrait UIInterfaceOrientationLandscapeLeft UIInterfaceOrientationLandscapeRight";
				MARKETING_VERSION = 1.0;
				PRODUCT_BUNDLE_IDENTIFIER = com.pjo.wordgames;
				PRODUCT_NAME = "$(TARGET_NAME)";
				SWIFT_EMIT_LOC_STRINGS = YES;
				SWIFT_VERSION = 5.0;
				TARGETED_DEVICE_FAMILY = "1,2";
			};
			name = Debug;
		};
		0486BB1F2B3A29220029A393 /* Release */ = {
			isa = XCBuildConfiguration;
			baseConfigurationReference = C3D837699A3C1E8471DA27E7 /* Pods-wordgames.release.xcconfig */;
			buildSettings = {
				ALWAYS_EMBED_SWIFT_STANDARD_LIBRARIES = YES;
				ASSETCATALOG_COMPILER_APPICON_NAME = AppIcon;
				CODE_SIGN_STYLE = Automatic;
				CURRENT_PROJECT_VERSION = 1;
				DEVELOPMENT_TEAM = 98JYHMUJJY;
				GENERATE_INFOPLIST_FILE = YES;
				INFOPLIST_FILE = wordgames/Info.plist;
				INFOPLIST_KEY_UILaunchStoryboardName = LaunchScreen;
				INFOPLIST_KEY_UISupportedInterfaceOrientations_iPad = "UIInterfaceOrientationPortrait UIInterfaceOrientationPortraitUpsideDown UIInterfaceOrientationLandscapeLeft UIInterfaceOrientationLandscapeRight";
				INFOPLIST_KEY_UISupportedInterfaceOrientations_iPhone = "UIInterfaceOrientationPortrait UIInterfaceOrientationLandscapeLeft UIInterfaceOrientationLandscapeRight";
				MARKETING_VERSION = 1.0;
				PRODUCT_BUNDLE_IDENTIFIER = com.pjo.wordgames;
				PRODUCT_NAME = "$(TARGET_NAME)";
				SWIFT_EMIT_LOC_STRINGS = YES;
				SWIFT_VERSION = 5.0;
				TARGETED_DEVICE_FAMILY = "1,2";
			};
			name = Release;
		};
/* End XCBuildConfiguration section */

/* Begin XCConfigurationList section */
		0486BAFB2B3A29200029A393 /* Build configuration list for PBXProject "wordgames" */ = {
			isa = XCConfigurationList;
			buildConfigurations = (
				0486BB172B3A29220029A393 /* Debug */,
				0486BB182B3A29220029A393 /* Release */,
			);
			defaultConfigurationIsVisible = 0;
			defaultConfigurationName = Release;
		};
		0486BB192B3A29220029A393 /* Build configuration list for PBXNativeTarget "wordgames MessagesExtension" */ = {
			isa = XCConfigurationList;
			buildConfigurations = (
				0486BB1A2B3A29220029A393 /* Debug */,
				0486BB1B2B3A29220029A393 /* Release */,
			);
			defaultConfigurationIsVisible = 0;
			defaultConfigurationName = Release;
		};
		0486BB1D2B3A29220029A393 /* Build configuration list for PBXNativeTarget "wordgames" */ = {
			isa = XCConfigurationList;
			buildConfigurations = (
				0486BB1E2B3A29220029A393 /* Debug */,
				0486BB1F2B3A29220029A393 /* Release */,
			);
			defaultConfigurationIsVisible = 0;
			defaultConfigurationName = Release;
		};
/* End XCConfigurationList section */
	};
	rootObject = 0486BAF82B3A29200029A393 /* Project object */;
}
